
Microsoft Visual Studio Solution File, Format Version 12.00
# Visual Studio Version 17
VisualStudioVersion = 17.12.35728.132
MinimumVisualStudioVersion = 10.0.40219.1
Project("{2150E333-8FDC-42A3-9474-1A3956D46DE8}") = "host", "host", "{F0FE793B-9258-4D12-A7A0-CFB414F7DA28}"
EndProject
Project("{2150E333-8FDC-42A3-9474-1A3956D46DE8}") = "modules", "modules", "{10140E10-D47D-48F7-A94D-D22145B43923}"
EndProject
Project("{2150E333-8FDC-42A3-9474-1A3956D46DE8}") = "shared", "shared", "{50AE6577-EE54-46B3-8991-632CE0F7BC70}"
EndProject
Project("{FAE04EC0-301F-11D3-BF4B-00C04F79EFBC}") = "EComNetMonolith.WebApiHost", "host\EComNetMonolith.WebApiHost\EComNetMonolith.WebApiHost.csproj", "{6FD1009A-4B9A-4F33-9C35-E51123C6E4CE}"
EndProject
Global
	GlobalSection(SolutionConfigurationPlatforms) = preSolution
		Debug|Any CPU = Debug|Any CPU
		Release|Any CPU = Release|Any CPU
	EndGlobalSection
	GlobalSection(ProjectConfigurationPlatforms) = postSolution
		{6FD1009A-4B9A-4F33-9C35-E51123C6E4CE}.Debug|Any CPU.ActiveCfg = Debug|Any CPU
		{6FD1009A-4B9A-4F33-9C35-E51123C6E4CE}.Debug|Any CPU.Build.0 = Debug|Any CPU
		{6FD1009A-4B9A-4F33-9C35-E51123C6E4CE}.Release|Any CPU.ActiveCfg = Release|Any CPU
		{6FD1009A-4B9A-4F33-9C35-E51123C6E4CE}.Release|Any CPU.Build.0 = Release|Any CPU
	EndGlobalSection
	GlobalSection(SolutionProperties) = preSolution
		HideSolutionNode = FALSE
	EndGlobalSection
	GlobalSection(NestedProjects) = preSolution
		{6FD1009A-4B9A-4F33-9C35-E51123C6E4CE} = {F0FE793B-9258-4D12-A7A0-CFB414F7DA28}
	EndGlobalSection
EndGlobal
