
Microsoft Visual Studio Solution File, Format Version 12.00
# Visual Studio Version 17
VisualStudioVersion = 17.12.35728.132
MinimumVisualStudioVersion = 10.0.40219.1
Project("{2150E333-8FDC-42A3-9474-1A3956D46DE8}") = "Host", "Host", "{F0FE793B-9258-4D12-A7A0-CFB414F7DA28}"
EndProject
Project("{2150E333-8FDC-42A3-9474-1A3956D46DE8}") = "Modules", "Modules", "{10140E10-D47D-48F7-A94D-D22145B43923}"
EndProject
Project("{2150E333-8FDC-42A3-9474-1A3956D46DE8}") = "Shared", "Shared", "{50AE6577-EE54-46B3-8991-632CE0F7BC70}"
EndProject
Project("{FAE04EC0-301F-11D3-BF4B-00C04F79EFBC}") = "EComNetMonolith.WebApiHost", "Host\EComNetMonolith.WebApiHost\EComNetMonolith.WebApiHost.csproj", "{6FD1009A-4B9A-4F33-9C35-E51123C6E4CE}"
EndProject
Project("{2150E333-8FDC-42A3-9474-1A3956D46DE8}") = "Cart", "Cart", "{542210E4-0B14-4BD8-AE32-15213E07125E}"
EndProject
Project("{2150E333-8FDC-42A3-9474-1A3956D46DE8}") = "Products", "Products", "{0CA38557-44CD-494E-AA40-11C1CF556A13}"
EndProject
Project("{2150E333-8FDC-42A3-9474-1A3956D46DE8}") = "Order", "Order", "{5CC0119A-98C1-4C5C-8F8C-3B7FBC0E1D5C}"
EndProject
Global
	GlobalSection(SolutionConfigurationPlatforms) = preSolution
		Debug|Any CPU = Debug|Any CPU
		Release|Any CPU = Release|Any CPU
	EndGlobalSection
	GlobalSection(ProjectConfigurationPlatforms) = postSolution
		{6FD1009A-4B9A-4F33-9C35-E51123C6E4CE}.Debug|Any CPU.ActiveCfg = Debug|Any CPU
		{6FD1009A-4B9A-4F33-9C35-E51123C6E4CE}.Debug|Any CPU.Build.0 = Debug|Any CPU
		{6FD1009A-4B9A-4F33-9C35-E51123C6E4CE}.Release|Any CPU.ActiveCfg = Release|Any CPU
		{6FD1009A-4B9A-4F33-9C35-E51123C6E4CE}.Release|Any CPU.Build.0 = Release|Any CPU
	EndGlobalSection
	GlobalSection(SolutionProperties) = preSolution
		HideSolutionNode = FALSE
	EndGlobalSection
	GlobalSection(NestedProjects) = preSolution
		{6FD1009A-4B9A-4F33-9C35-E51123C6E4CE} = {F0FE793B-9258-4D12-A7A0-CFB414F7DA28}
		{542210E4-0B14-4BD8-AE32-15213E07125E} = {10140E10-D47D-48F7-A94D-D22145B43923}
		{0CA38557-44CD-494E-AA40-11C1CF556A13} = {10140E10-D47D-48F7-A94D-D22145B43923}
		{5CC0119A-98C1-4C5C-8F8C-3B7FBC0E1D5C} = {10140E10-D47D-48F7-A94D-D22145B43923}
	EndGlobalSection
EndGlobal
